
Microsoft Visual Studio Solution File, Format Version 12.00
# Visual Studio Version 16
VisualStudioVersion = 16.0.30517.126
MinimumVisualStudioVersion = 10.0.40219.1
Project("{FAE04EC0-301F-11D3-BF4B-00C04F79EFBC}") = "ContactsAppUI", "ContactsAppUI\ContactsAppUI.csproj", "{A1645C43-C284-4FF2-A523-D8E2F75F9ECD}"
EndProject
Project("{9A19103F-16F7-4668-BE54-9A1E7A4F7556}") = "ContactsApp", "ContactsApp\ContactsApp.csproj", "{8F34AA32-0A0A-4CC4-9CBC-D91E01933272}"
EndProject
Project("{2150E333-8FDC-42A3-9474-1A3956D46DE8}") = "testing", "testing", "{60D8CED4-034C-4FED-8D2A-307E737E362F}"
EndProject
Project("{9A19103F-16F7-4668-BE54-9A1E7A4F7556}") = "ContactsApp.UnitTests", "testing\ContactsApp.UnitTests\ContactsApp.UnitTests.csproj", "{D14A0F92-6631-446B-9297-9A6B66474E40}"
EndProject
Project("{2150E333-8FDC-42A3-9474-1A3956D46DE8}") = "Solution Items", "Solution Items", "{C393CB97-069F-45E8-BCF7-E17847BC4164}"
	ProjectSection(SolutionItems) = preProject
		InstallScripts\installer.iss = InstallScripts\installer.iss
	EndProjectSection
EndProject
Global
	GlobalSection(SolutionConfigurationPlatforms) = preSolution
		Debug|Any CPU = Debug|Any CPU
		Release|Any CPU = Release|Any CPU
	EndGlobalSection
	GlobalSection(ProjectConfigurationPlatforms) = postSolution
		{A1645C43-C284-4FF2-A523-D8E2F75F9ECD}.Debug|Any CPU.ActiveCfg = Debug|Any CPU
		{A1645C43-C284-4FF2-A523-D8E2F75F9ECD}.Debug|Any CPU.Build.0 = Debug|Any CPU
		{A1645C43-C284-4FF2-A523-D8E2F75F9ECD}.Release|Any CPU.ActiveCfg = Release|Any CPU
		{A1645C43-C284-4FF2-A523-D8E2F75F9ECD}.Release|Any CPU.Build.0 = Release|Any CPU
		{8F34AA32-0A0A-4CC4-9CBC-D91E01933272}.Debug|Any CPU.ActiveCfg = Debug|Any CPU
		{8F34AA32-0A0A-4CC4-9CBC-D91E01933272}.Debug|Any CPU.Build.0 = Debug|Any CPU
		{8F34AA32-0A0A-4CC4-9CBC-D91E01933272}.Release|Any CPU.ActiveCfg = Release|Any CPU
		{8F34AA32-0A0A-4CC4-9CBC-D91E01933272}.Release|Any CPU.Build.0 = Release|Any CPU
		{D14A0F92-6631-446B-9297-9A6B66474E40}.Debug|Any CPU.ActiveCfg = Debug|Any CPU
		{D14A0F92-6631-446B-9297-9A6B66474E40}.Debug|Any CPU.Build.0 = Debug|Any CPU
		{D14A0F92-6631-446B-9297-9A6B66474E40}.Release|Any CPU.ActiveCfg = Release|Any CPU
		{D14A0F92-6631-446B-9297-9A6B66474E40}.Release|Any CPU.Build.0 = Release|Any CPU
	EndGlobalSection
	GlobalSection(SolutionProperties) = preSolution
		HideSolutionNode = FALSE
	EndGlobalSection
	GlobalSection(NestedProjects) = preSolution
		{D14A0F92-6631-446B-9297-9A6B66474E40} = {60D8CED4-034C-4FED-8D2A-307E737E362F}
	EndGlobalSection
	GlobalSection(ExtensibilityGlobals) = postSolution
		SolutionGuid = {47674D0E-58DD-4C5F-AA55-0295907F9FA0}
	EndGlobalSection
EndGlobal
