
Microsoft Visual Studio Solution File, Format Version 12.00
# Visual Studio Version 16
VisualStudioVersion = 16.0.30517.126
MinimumVisualStudioVersion = 10.0.40219.1
Project("{FAE04EC0-301F-11D3-BF4B-00C04F79EFBC}") = "ContactsAppUI", "ContactsAppUI\ContactsAppUI.csproj", "{A1645C43-C284-4FF2-A523-D8E2F75F9ECD}"
EndProject
Project("{FAE04EC0-301F-11D3-BF4B-00C04F79EFBC}") = "ContactsApp", "ContactsApp\ContactsApp.csproj", "{8F34AA32-0A0A-4CC4-9CBC-D91E01933272}"
EndProject
Global
	GlobalSection(SolutionConfigurationPlatforms) = preSolution
		Debug|Any CPU = Debug|Any CPU
		Release|Any CPU = Release|Any CPU
	EndGlobalSection
	GlobalSection(ProjectConfigurationPlatforms) = postSolution
		{A1645C43-C284-4FF2-A523-D8E2F75F9ECD}.Debug|Any CPU.ActiveCfg = Debug|Any CPU
		{A1645C43-C284-4FF2-A523-D8E2F75F9ECD}.Debug|Any CPU.Build.0 = Debug|Any CPU
		{A1645C43-C284-4FF2-A523-D8E2F75F9ECD}.Release|Any CPU.ActiveCfg = Release|Any CPU
		{A1645C43-C284-4FF2-A523-D8E2F75F9ECD}.Release|Any CPU.Build.0 = Release|Any CPU
		{8F34AA32-0A0A-4CC4-9CBC-D91E01933272}.Debug|Any CPU.ActiveCfg = Debug|Any CPU
		{8F34AA32-0A0A-4CC4-9CBC-D91E01933272}.Debug|Any CPU.Build.0 = Debug|Any CPU
		{8F34AA32-0A0A-4CC4-9CBC-D91E01933272}.Release|Any CPU.ActiveCfg = Release|Any CPU
		{8F34AA32-0A0A-4CC4-9CBC-D91E01933272}.Release|Any CPU.Build.0 = Release|Any CPU
	EndGlobalSection
	GlobalSection(SolutionProperties) = preSolution
		HideSolutionNode = FALSE
	EndGlobalSection
	GlobalSection(ExtensibilityGlobals) = postSolution
		SolutionGuid = {47674D0E-58DD-4C5F-AA55-0295907F9FA0}
	EndGlobalSection
EndGlobal
